// !$*UTF8*$!
{
	archiveVersion = 1;
	classes = {
	};
	objectVersion = 51;
	objects = {

/* Begin PBXBuildFile section */
		8F5CB5C5B7D4A592FE9A54D6 /* Pods_RandomUserTests.framework in Frameworks */ = {isa = PBXBuildFile; fileRef = 6363370DE6E6487E13C5E4E6 /* Pods_RandomUserTests.framework */; };
		9DC7A2D816BB1BC9BB49C58B /* Pods_RandomUser.framework in Frameworks */ = {isa = PBXBuildFile; fileRef = 5E47D9275035A780304E2FB3 /* Pods_RandomUser.framework */; };
		BE190C4B246DDFD5009EEC42 /* ProfileSwipeView.swift in Sources */ = {isa = PBXBuildFile; fileRef = BE190C4A246DDFD5009EEC42 /* ProfileSwipeView.swift */; };
		BE190C4D246DE8C5009EEC42 /* ProfileSwipeView+Reactive.swift in Sources */ = {isa = PBXBuildFile; fileRef = BE190C4C246DE8C5009EEC42 /* ProfileSwipeView+Reactive.swift */; };
		BE190C4F246DECD4009EEC42 /* User+Format.swift in Sources */ = {isa = PBXBuildFile; fileRef = BE190C4E246DECD4009EEC42 /* User+Format.swift */; };
		BE190C54246E0733009EEC42 /* AppContainer+UI.swift in Sources */ = {isa = PBXBuildFile; fileRef = BE190C53246E0733009EEC42 /* AppContainer+UI.swift */; };
		BE190C58246E0D0D009EEC42 /* Gender+Format.swift in Sources */ = {isa = PBXBuildFile; fileRef = BE190C57246E0D0D009EEC42 /* Gender+Format.swift */; };
		BE1CBDBB246D24010047D4A9 /* ProfileViewController.swift in Sources */ = {isa = PBXBuildFile; fileRef = BE1CBDBA246D24010047D4A9 /* ProfileViewController.swift */; };
		BE1CBDBE246D24170047D4A9 /* ProfileView.xib in Resources */ = {isa = PBXBuildFile; fileRef = BE1CBDBD246D24170047D4A9 /* ProfileView.xib */; };
		BE1CBDC1246D24BE0047D4A9 /* ProfileView.swift in Sources */ = {isa = PBXBuildFile; fileRef = BE1CBDC0246D24BE0047D4A9 /* ProfileView.swift */; };
		BE1CBDC4246D31840047D4A9 /* Bundle+Factory.swift in Sources */ = {isa = PBXBuildFile; fileRef = BE1CBDC3246D31840047D4A9 /* Bundle+Factory.swift */; };
		BE1CBDC6246D3E4B0047D4A9 /* ProfileViewController.xib in Resources */ = {isa = PBXBuildFile; fileRef = BE1CBDC5246D3E4B0047D4A9 /* ProfileViewController.xib */; };
		BE277EDC246B6A2D001D73F2 /* AppDelegate.swift in Sources */ = {isa = PBXBuildFile; fileRef = BE277EDB246B6A2D001D73F2 /* AppDelegate.swift */; };
		BE277EDE246B6A2D001D73F2 /* SceneDelegate.swift in Sources */ = {isa = PBXBuildFile; fileRef = BE277EDD246B6A2D001D73F2 /* SceneDelegate.swift */; };
		BE277EE0246B6A2D001D73F2 /* PersonList+UI.swift in Sources */ = {isa = PBXBuildFile; fileRef = BE277EDF246B6A2D001D73F2 /* PersonList+UI.swift */; };
		BE277EE5246B6A2E001D73F2 /* Assets.xcassets in Resources */ = {isa = PBXBuildFile; fileRef = BE277EE4246B6A2E001D73F2 /* Assets.xcassets */; };
		BE277EE8246B6A2E001D73F2 /* LaunchScreen.storyboard in Resources */ = {isa = PBXBuildFile; fileRef = BE277EE6246B6A2E001D73F2 /* LaunchScreen.storyboard */; };
		BE277EF3246B6A2F001D73F2 /* RandomUserTests.swift in Sources */ = {isa = PBXBuildFile; fileRef = BE277EF2246B6A2F001D73F2 /* RandomUserTests.swift */; };
		BE277EFE246B6A2F001D73F2 /* RandomUserUITests.swift in Sources */ = {isa = PBXBuildFile; fileRef = BE277EFD246B6A2F001D73F2 /* RandomUserUITests.swift */; };
		BE277F0F246B7DD6001D73F2 /* PersonListViewController.xib in Resources */ = {isa = PBXBuildFile; fileRef = BE277F0E246B7DD6001D73F2 /* PersonListViewController.xib */; };
		BE277F1C246BB8DA001D73F2 /* PersonListViewCell.xib in Resources */ = {isa = PBXBuildFile; fileRef = BE277F1B246BB8DA001D73F2 /* PersonListViewCell.xib */; };
		BE277F1E246BBBAC001D73F2 /* PersonListViewCell.swift in Sources */ = {isa = PBXBuildFile; fileRef = BE277F1D246BBBAC001D73F2 /* PersonListViewCell.swift */; };
		BE47080D246C7D7800275736 /* UserMapper.swift in Sources */ = {isa = PBXBuildFile; fileRef = BE47080C246C7D7800275736 /* UserMapper.swift */; };
		BE470813246C80B400275736 /* UserService.swift in Sources */ = {isa = PBXBuildFile; fileRef = BE470812246C80B400275736 /* UserService.swift */; };
		BE470816246C9B4000275736 /* Migrations.swift in Sources */ = {isa = PBXBuildFile; fileRef = BE470815246C9B4000275736 /* Migrations.swift */; };
		BE47081C246CC2C900275736 /* FilterFab.swift in Sources */ = {isa = PBXBuildFile; fileRef = BE47081B246CC2C900275736 /* FilterFab.swift */; };
		BE47081E246CC2D400275736 /* FilterFab.xib in Resources */ = {isa = PBXBuildFile; fileRef = BE47081D246CC2D400275736 /* FilterFab.xib */; };
		BE470822246CCD0A00275736 /* FilterViewController.swift in Sources */ = {isa = PBXBuildFile; fileRef = BE470821246CCD0A00275736 /* FilterViewController.swift */; };
		BE470824246CCD1300275736 /* FilterView.xib in Resources */ = {isa = PBXBuildFile; fileRef = BE470823246CCD1300275736 /* FilterView.xib */; };
		BE47082D246D177600275736 /* FilterCell.xib in Resources */ = {isa = PBXBuildFile; fileRef = BE47082B246D177600275736 /* FilterCell.xib */; };
		BE47082E246D177600275736 /* FilterCell.swift in Sources */ = {isa = PBXBuildFile; fileRef = BE47082C246D177600275736 /* FilterCell.swift */; };
		BE74EF6A246C6D120050526C /* Mutable.swift in Sources */ = {isa = PBXBuildFile; fileRef = BE74EF69246C6D120050526C /* Mutable.swift */; };
		BE74EF71246C71E90050526C /* UserRepository.swift in Sources */ = {isa = PBXBuildFile; fileRef = BE74EF70246C71E90050526C /* UserRepository.swift */; };
		BE74EF7C246C7A690050526C /* Models.swift in Sources */ = {isa = PBXBuildFile; fileRef = BE74EF7A246C7A690050526C /* Models.swift */; };
		BE74EF7D246C7A690050526C /* RandomUserApi.swift in Sources */ = {isa = PBXBuildFile; fileRef = BE74EF7B246C7A690050526C /* RandomUserApi.swift */; };
		BE74EF80246C7B1E0050526C /* User.swift in Sources */ = {isa = PBXBuildFile; fileRef = BE74EF7F246C7B1E0050526C /* User.swift */; };
		BE74EF82246C7B730050526C /* DateUtils.swift in Sources */ = {isa = PBXBuildFile; fileRef = BE74EF81246C7B730050526C /* DateUtils.swift */; };
		BEAF049D246E1D9100D93B30 /* AppContainer+Reducer.swift in Sources */ = {isa = PBXBuildFile; fileRef = BEAF049C246E1D9100D93B30 /* AppContainer+Reducer.swift */; };
		BEAF049F246E1E7000D93B30 /* AppContainer+Feedback.swift in Sources */ = {isa = PBXBuildFile; fileRef = BEAF049E246E1E7000D93B30 /* AppContainer+Feedback.swift */; };
		BEAF04A3246E2CD200D93B30 /* Filter.swift in Sources */ = {isa = PBXBuildFile; fileRef = BEAF04A2246E2CD200D93B30 /* Filter.swift */; };
		BEAF04A5246E2CDF00D93B30 /* Gender.swift in Sources */ = {isa = PBXBuildFile; fileRef = BEAF04A4246E2CDF00D93B30 /* Gender.swift */; };
		BEAF04A7246E2D8F00D93B30 /* PersonList+Feedback.swift in Sources */ = {isa = PBXBuildFile; fileRef = BEAF04A6246E2D8F00D93B30 /* PersonList+Feedback.swift */; };
		BEAF04AB246E372300D93B30 /* PersonList+Reactive.swift in Sources */ = {isa = PBXBuildFile; fileRef = BEAF04AA246E372300D93B30 /* PersonList+Reactive.swift */; };
		BEAF04AD246E387500D93B30 /* PersonList+Event.swift in Sources */ = {isa = PBXBuildFile; fileRef = BEAF04AC246E387500D93B30 /* PersonList+Event.swift */; };
		BEAF04AF246E388C00D93B30 /* PersonList+Reducer.swift in Sources */ = {isa = PBXBuildFile; fileRef = BEAF04AE246E388C00D93B30 /* PersonList+Reducer.swift */; };
		BEAF04B3246E3CD800D93B30 /* AppContainer+Event.swift in Sources */ = {isa = PBXBuildFile; fileRef = BEAF04B2246E3CD800D93B30 /* AppContainer+Event.swift */; };
		BEAF04B5246E404F00D93B30 /* AppContainer+Query.swift in Sources */ = {isa = PBXBuildFile; fileRef = BEAF04B4246E404F00D93B30 /* AppContainer+Query.swift */; };
		BEAF04B7246E42DA00D93B30 /* UIScrollView+Reactive.swift in Sources */ = {isa = PBXBuildFile; fileRef = BEAF04B6246E42DA00D93B30 /* UIScrollView+Reactive.swift */; };
		DC6E49A67C6C31080BC5EEF7 /* Pods_RandomUser_RandomUserUITests.framework in Frameworks */ = {isa = PBXBuildFile; fileRef = 7E2FFE7E91E7DCDA07F115DC /* Pods_RandomUser_RandomUserUITests.framework */; };
/* End PBXBuildFile section */

/* Begin PBXContainerItemProxy section */
		BE277EEF246B6A2F001D73F2 /* PBXContainerItemProxy */ = {
			isa = PBXContainerItemProxy;
			containerPortal = BE277ED0246B6A2D001D73F2 /* Project object */;
			proxyType = 1;
			remoteGlobalIDString = BE277ED7246B6A2D001D73F2;
			remoteInfo = RandomUser;
		};
		BE277EFA246B6A2F001D73F2 /* PBXContainerItemProxy */ = {
			isa = PBXContainerItemProxy;
			containerPortal = BE277ED0246B6A2D001D73F2 /* Project object */;
			proxyType = 1;
			remoteGlobalIDString = BE277ED7246B6A2D001D73F2;
			remoteInfo = RandomUser;
		};
/* End PBXContainerItemProxy section */

/* Begin PBXFileReference section */
		26A9EE6B6E1DDA0E74B3613F /* Pods-RandomUserTests.release.xcconfig */ = {isa = PBXFileReference; includeInIndex = 1; lastKnownFileType = text.xcconfig; name = "Pods-RandomUserTests.release.xcconfig"; path = "Target Support Files/Pods-RandomUserTests/Pods-RandomUserTests.release.xcconfig"; sourceTree = "<group>"; };
		5E47D9275035A780304E2FB3 /* Pods_RandomUser.framework */ = {isa = PBXFileReference; explicitFileType = wrapper.framework; includeInIndex = 0; path = Pods_RandomUser.framework; sourceTree = BUILT_PRODUCTS_DIR; };
		5F2D3BF4E2FA0739AD393A2F /* Pods-RandomUserTests.debug.xcconfig */ = {isa = PBXFileReference; includeInIndex = 1; lastKnownFileType = text.xcconfig; name = "Pods-RandomUserTests.debug.xcconfig"; path = "Target Support Files/Pods-RandomUserTests/Pods-RandomUserTests.debug.xcconfig"; sourceTree = "<group>"; };
		6363370DE6E6487E13C5E4E6 /* Pods_RandomUserTests.framework */ = {isa = PBXFileReference; explicitFileType = wrapper.framework; includeInIndex = 0; path = Pods_RandomUserTests.framework; sourceTree = BUILT_PRODUCTS_DIR; };
		7E2FFE7E91E7DCDA07F115DC /* Pods_RandomUser_RandomUserUITests.framework */ = {isa = PBXFileReference; explicitFileType = wrapper.framework; includeInIndex = 0; path = Pods_RandomUser_RandomUserUITests.framework; sourceTree = BUILT_PRODUCTS_DIR; };
		BE190C4A246DDFD5009EEC42 /* ProfileSwipeView.swift */ = {isa = PBXFileReference; lastKnownFileType = sourcecode.swift; path = ProfileSwipeView.swift; sourceTree = "<group>"; };
		BE190C4C246DE8C5009EEC42 /* ProfileSwipeView+Reactive.swift */ = {isa = PBXFileReference; lastKnownFileType = sourcecode.swift; path = "ProfileSwipeView+Reactive.swift"; sourceTree = "<group>"; };
		BE190C4E246DECD4009EEC42 /* User+Format.swift */ = {isa = PBXFileReference; lastKnownFileType = sourcecode.swift; path = "User+Format.swift"; sourceTree = "<group>"; };
		BE190C53246E0733009EEC42 /* AppContainer+UI.swift */ = {isa = PBXFileReference; lastKnownFileType = sourcecode.swift; path = "AppContainer+UI.swift"; sourceTree = "<group>"; };
		BE190C57246E0D0D009EEC42 /* Gender+Format.swift */ = {isa = PBXFileReference; lastKnownFileType = sourcecode.swift; path = "Gender+Format.swift"; sourceTree = "<group>"; };
		BE1CBDBA246D24010047D4A9 /* ProfileViewController.swift */ = {isa = PBXFileReference; lastKnownFileType = sourcecode.swift; path = ProfileViewController.swift; sourceTree = "<group>"; };
		BE1CBDBD246D24170047D4A9 /* ProfileView.xib */ = {isa = PBXFileReference; lastKnownFileType = file.xib; path = ProfileView.xib; sourceTree = "<group>"; };
		BE1CBDC0246D24BE0047D4A9 /* ProfileView.swift */ = {isa = PBXFileReference; lastKnownFileType = sourcecode.swift; path = ProfileView.swift; sourceTree = "<group>"; };
		BE1CBDC3246D31840047D4A9 /* Bundle+Factory.swift */ = {isa = PBXFileReference; lastKnownFileType = sourcecode.swift; path = "Bundle+Factory.swift"; sourceTree = "<group>"; };
		BE1CBDC5246D3E4B0047D4A9 /* ProfileViewController.xib */ = {isa = PBXFileReference; lastKnownFileType = file.xib; path = ProfileViewController.xib; sourceTree = "<group>"; };
		BE277ED8246B6A2D001D73F2 /* RandomUser.app */ = {isa = PBXFileReference; explicitFileType = wrapper.application; includeInIndex = 0; path = RandomUser.app; sourceTree = BUILT_PRODUCTS_DIR; };
		BE277EDB246B6A2D001D73F2 /* AppDelegate.swift */ = {isa = PBXFileReference; lastKnownFileType = sourcecode.swift; path = AppDelegate.swift; sourceTree = "<group>"; };
		BE277EDD246B6A2D001D73F2 /* SceneDelegate.swift */ = {isa = PBXFileReference; lastKnownFileType = sourcecode.swift; path = SceneDelegate.swift; sourceTree = "<group>"; };
		BE277EDF246B6A2D001D73F2 /* PersonList+UI.swift */ = {isa = PBXFileReference; lastKnownFileType = sourcecode.swift; path = "PersonList+UI.swift"; sourceTree = "<group>"; };
		BE277EE4246B6A2E001D73F2 /* Assets.xcassets */ = {isa = PBXFileReference; lastKnownFileType = folder.assetcatalog; path = Assets.xcassets; sourceTree = "<group>"; };
		BE277EE7246B6A2E001D73F2 /* Base */ = {isa = PBXFileReference; lastKnownFileType = file.storyboard; name = Base; path = Base.lproj/LaunchScreen.storyboard; sourceTree = "<group>"; };
		BE277EE9246B6A2E001D73F2 /* Info.plist */ = {isa = PBXFileReference; lastKnownFileType = text.plist.xml; path = Info.plist; sourceTree = "<group>"; };
		BE277EEE246B6A2F001D73F2 /* RandomUserTests.xctest */ = {isa = PBXFileReference; explicitFileType = wrapper.cfbundle; includeInIndex = 0; path = RandomUserTests.xctest; sourceTree = BUILT_PRODUCTS_DIR; };
		BE277EF2246B6A2F001D73F2 /* RandomUserTests.swift */ = {isa = PBXFileReference; lastKnownFileType = sourcecode.swift; path = RandomUserTests.swift; sourceTree = "<group>"; };
		BE277EF4246B6A2F001D73F2 /* Info.plist */ = {isa = PBXFileReference; lastKnownFileType = text.plist.xml; path = Info.plist; sourceTree = "<group>"; };
		BE277EF9246B6A2F001D73F2 /* RandomUserUITests.xctest */ = {isa = PBXFileReference; explicitFileType = wrapper.cfbundle; includeInIndex = 0; path = RandomUserUITests.xctest; sourceTree = BUILT_PRODUCTS_DIR; };
		BE277EFD246B6A2F001D73F2 /* RandomUserUITests.swift */ = {isa = PBXFileReference; lastKnownFileType = sourcecode.swift; path = RandomUserUITests.swift; sourceTree = "<group>"; };
		BE277EFF246B6A2F001D73F2 /* Info.plist */ = {isa = PBXFileReference; lastKnownFileType = text.plist.xml; path = Info.plist; sourceTree = "<group>"; };
		BE277F0E246B7DD6001D73F2 /* PersonListViewController.xib */ = {isa = PBXFileReference; lastKnownFileType = file.xib; path = PersonListViewController.xib; sourceTree = "<group>"; };
		BE277F1B246BB8DA001D73F2 /* PersonListViewCell.xib */ = {isa = PBXFileReference; fileEncoding = 4; lastKnownFileType = file.xib; path = PersonListViewCell.xib; sourceTree = "<group>"; };
		BE277F1D246BBBAC001D73F2 /* PersonListViewCell.swift */ = {isa = PBXFileReference; lastKnownFileType = sourcecode.swift; path = PersonListViewCell.swift; sourceTree = "<group>"; };
		BE47080C246C7D7800275736 /* UserMapper.swift */ = {isa = PBXFileReference; lastKnownFileType = sourcecode.swift; path = UserMapper.swift; sourceTree = "<group>"; };
		BE470812246C80B400275736 /* UserService.swift */ = {isa = PBXFileReference; lastKnownFileType = sourcecode.swift; path = UserService.swift; sourceTree = "<group>"; };
		BE470815246C9B4000275736 /* Migrations.swift */ = {isa = PBXFileReference; lastKnownFileType = sourcecode.swift; path = Migrations.swift; sourceTree = "<group>"; };
		BE47081B246CC2C900275736 /* FilterFab.swift */ = {isa = PBXFileReference; lastKnownFileType = sourcecode.swift; path = FilterFab.swift; sourceTree = "<group>"; };
		BE47081D246CC2D400275736 /* FilterFab.xib */ = {isa = PBXFileReference; lastKnownFileType = file.xib; path = FilterFab.xib; sourceTree = "<group>"; };
		BE470821246CCD0A00275736 /* FilterViewController.swift */ = {isa = PBXFileReference; lastKnownFileType = sourcecode.swift; path = FilterViewController.swift; sourceTree = "<group>"; };
		BE470823246CCD1300275736 /* FilterView.xib */ = {isa = PBXFileReference; lastKnownFileType = file.xib; path = FilterView.xib; sourceTree = "<group>"; };
		BE47082B246D177600275736 /* FilterCell.xib */ = {isa = PBXFileReference; fileEncoding = 4; lastKnownFileType = file.xib; path = FilterCell.xib; sourceTree = "<group>"; };
		BE47082C246D177600275736 /* FilterCell.swift */ = {isa = PBXFileReference; fileEncoding = 4; lastKnownFileType = sourcecode.swift; path = FilterCell.swift; sourceTree = "<group>"; };
		BE74EF69246C6D120050526C /* Mutable.swift */ = {isa = PBXFileReference; lastKnownFileType = sourcecode.swift; path = Mutable.swift; sourceTree = "<group>"; };
		BE74EF70246C71E90050526C /* UserRepository.swift */ = {isa = PBXFileReference; lastKnownFileType = sourcecode.swift; path = UserRepository.swift; sourceTree = "<group>"; };
		BE74EF7A246C7A690050526C /* Models.swift */ = {isa = PBXFileReference; fileEncoding = 4; lastKnownFileType = sourcecode.swift; path = Models.swift; sourceTree = "<group>"; };
		BE74EF7B246C7A690050526C /* RandomUserApi.swift */ = {isa = PBXFileReference; fileEncoding = 4; lastKnownFileType = sourcecode.swift; path = RandomUserApi.swift; sourceTree = "<group>"; };
		BE74EF7F246C7B1E0050526C /* User.swift */ = {isa = PBXFileReference; lastKnownFileType = sourcecode.swift; path = User.swift; sourceTree = "<group>"; };
		BE74EF81246C7B730050526C /* DateUtils.swift */ = {isa = PBXFileReference; lastKnownFileType = sourcecode.swift; path = DateUtils.swift; sourceTree = "<group>"; };
		BEAF049C246E1D9100D93B30 /* AppContainer+Reducer.swift */ = {isa = PBXFileReference; lastKnownFileType = sourcecode.swift; path = "AppContainer+Reducer.swift"; sourceTree = "<group>"; };
		BEAF049E246E1E7000D93B30 /* AppContainer+Feedback.swift */ = {isa = PBXFileReference; lastKnownFileType = sourcecode.swift; path = "AppContainer+Feedback.swift"; sourceTree = "<group>"; };
		BEAF04A2246E2CD200D93B30 /* Filter.swift */ = {isa = PBXFileReference; lastKnownFileType = sourcecode.swift; path = Filter.swift; sourceTree = "<group>"; };
		BEAF04A4246E2CDF00D93B30 /* Gender.swift */ = {isa = PBXFileReference; lastKnownFileType = sourcecode.swift; path = Gender.swift; sourceTree = "<group>"; };
		BEAF04A6246E2D8F00D93B30 /* PersonList+Feedback.swift */ = {isa = PBXFileReference; lastKnownFileType = sourcecode.swift; path = "PersonList+Feedback.swift"; sourceTree = "<group>"; };
		BEAF04AA246E372300D93B30 /* PersonList+Reactive.swift */ = {isa = PBXFileReference; lastKnownFileType = sourcecode.swift; path = "PersonList+Reactive.swift"; sourceTree = "<group>"; };
		BEAF04AC246E387500D93B30 /* PersonList+Event.swift */ = {isa = PBXFileReference; lastKnownFileType = sourcecode.swift; path = "PersonList+Event.swift"; sourceTree = "<group>"; };
		BEAF04AE246E388C00D93B30 /* PersonList+Reducer.swift */ = {isa = PBXFileReference; lastKnownFileType = sourcecode.swift; path = "PersonList+Reducer.swift"; sourceTree = "<group>"; };
		BEAF04B2246E3CD800D93B30 /* AppContainer+Event.swift */ = {isa = PBXFileReference; lastKnownFileType = sourcecode.swift; path = "AppContainer+Event.swift"; sourceTree = "<group>"; };
		BEAF04B4246E404F00D93B30 /* AppContainer+Query.swift */ = {isa = PBXFileReference; lastKnownFileType = sourcecode.swift; path = "AppContainer+Query.swift"; sourceTree = "<group>"; };
		BEAF04B6246E42DA00D93B30 /* UIScrollView+Reactive.swift */ = {isa = PBXFileReference; lastKnownFileType = sourcecode.swift; path = "UIScrollView+Reactive.swift"; sourceTree = "<group>"; };
		E31FEA053B724C805561D34B /* Pods-RandomUser.release.xcconfig */ = {isa = PBXFileReference; includeInIndex = 1; lastKnownFileType = text.xcconfig; name = "Pods-RandomUser.release.xcconfig"; path = "Target Support Files/Pods-RandomUser/Pods-RandomUser.release.xcconfig"; sourceTree = "<group>"; };
		E944330EAAC25E108E4AB08B /* Pods-RandomUser-RandomUserUITests.release.xcconfig */ = {isa = PBXFileReference; includeInIndex = 1; lastKnownFileType = text.xcconfig; name = "Pods-RandomUser-RandomUserUITests.release.xcconfig"; path = "Target Support Files/Pods-RandomUser-RandomUserUITests/Pods-RandomUser-RandomUserUITests.release.xcconfig"; sourceTree = "<group>"; };
		F1D1CCBBB5F09AD584E6264D /* Pods-RandomUser.debug.xcconfig */ = {isa = PBXFileReference; includeInIndex = 1; lastKnownFileType = text.xcconfig; name = "Pods-RandomUser.debug.xcconfig"; path = "Target Support Files/Pods-RandomUser/Pods-RandomUser.debug.xcconfig"; sourceTree = "<group>"; };
		F62CB41D4AF203E600A1BFA7 /* Pods-RandomUser-RandomUserUITests.debug.xcconfig */ = {isa = PBXFileReference; includeInIndex = 1; lastKnownFileType = text.xcconfig; name = "Pods-RandomUser-RandomUserUITests.debug.xcconfig"; path = "Target Support Files/Pods-RandomUser-RandomUserUITests/Pods-RandomUser-RandomUserUITests.debug.xcconfig"; sourceTree = "<group>"; };
/* End PBXFileReference section */

/* Begin PBXFrameworksBuildPhase section */
		BE277ED5246B6A2D001D73F2 /* Frameworks */ = {
			isa = PBXFrameworksBuildPhase;
			buildActionMask = 2147483647;
			files = (
				9DC7A2D816BB1BC9BB49C58B /* Pods_RandomUser.framework in Frameworks */,
			);
			runOnlyForDeploymentPostprocessing = 0;
		};
		BE277EEB246B6A2F001D73F2 /* Frameworks */ = {
			isa = PBXFrameworksBuildPhase;
			buildActionMask = 2147483647;
			files = (
				8F5CB5C5B7D4A592FE9A54D6 /* Pods_RandomUserTests.framework in Frameworks */,
			);
			runOnlyForDeploymentPostprocessing = 0;
		};
		BE277EF6246B6A2F001D73F2 /* Frameworks */ = {
			isa = PBXFrameworksBuildPhase;
			buildActionMask = 2147483647;
			files = (
				DC6E49A67C6C31080BC5EEF7 /* Pods_RandomUser_RandomUserUITests.framework in Frameworks */,
			);
			runOnlyForDeploymentPostprocessing = 0;
		};
/* End PBXFrameworksBuildPhase section */

/* Begin PBXGroup section */
		BE190C52246E0724009EEC42 /* Container */ = {
			isa = PBXGroup;
			children = (
				BE190C53246E0733009EEC42 /* AppContainer+UI.swift */,
				BEAF049C246E1D9100D93B30 /* AppContainer+Reducer.swift */,
				BEAF049E246E1E7000D93B30 /* AppContainer+Feedback.swift */,
				BEAF04B2246E3CD800D93B30 /* AppContainer+Event.swift */,
				BEAF04B4246E404F00D93B30 /* AppContainer+Query.swift */,
			);
			path = Container;
			sourceTree = "<group>";
		};
		BE1CBDBC246D24060047D4A9 /* ProfileView */ = {
			isa = PBXGroup;
			children = (
				BE1CBDBF246D24AE0047D4A9 /* Views */,
				BE1CBDBA246D24010047D4A9 /* ProfileViewController.swift */,
				BE1CBDC5246D3E4B0047D4A9 /* ProfileViewController.xib */,
			);
			path = ProfileView;
			sourceTree = "<group>";
		};
		BE1CBDBF246D24AE0047D4A9 /* Views */ = {
			isa = PBXGroup;
			children = (
				BE1CBDBD246D24170047D4A9 /* ProfileView.xib */,
				BE1CBDC0246D24BE0047D4A9 /* ProfileView.swift */,
				BE190C4A246DDFD5009EEC42 /* ProfileSwipeView.swift */,
				BE190C4C246DE8C5009EEC42 /* ProfileSwipeView+Reactive.swift */,
			);
			path = Views;
			sourceTree = "<group>";
		};
		BE277ECF246B6A2D001D73F2 = {
			isa = PBXGroup;
			children = (
				BE277EDA246B6A2D001D73F2 /* RandomUser */,
				BE277EF1246B6A2F001D73F2 /* RandomUserTests */,
				BE277EFC246B6A2F001D73F2 /* RandomUserUITests */,
				BE277ED9246B6A2D001D73F2 /* Products */,
				D1E49FC248392695390FE9F5 /* Pods */,
				D2424EA9724C864E2934FC9D /* Frameworks */,
			);
			sourceTree = "<group>";
		};
		BE277ED9246B6A2D001D73F2 /* Products */ = {
			isa = PBXGroup;
			children = (
				BE277ED8246B6A2D001D73F2 /* RandomUser.app */,
				BE277EEE246B6A2F001D73F2 /* RandomUserTests.xctest */,
				BE277EF9246B6A2F001D73F2 /* RandomUserUITests.xctest */,
			);
			name = Products;
			sourceTree = "<group>";
		};
		BE277EDA246B6A2D001D73F2 /* RandomUser */ = {
			isa = PBXGroup;
			children = (
				BE470819246CC2A000275736 /* Components */,
				BE470818246CC29400275736 /* Screens */,
				BE470811246C80AA00275736 /* Services */,
				BE47080B246C7D6E00275736 /* Mappers */,
				BE74EF7E246C7B140050526C /* Models */,
				BE74EF6F246C71DA0050526C /* Repositories */,
				BE277F14246B897A001D73F2 /* Api */,
				BE277EDB246B6A2D001D73F2 /* AppDelegate.swift */,
				BE277EDD246B6A2D001D73F2 /* SceneDelegate.swift */,
				BE277EE4246B6A2E001D73F2 /* Assets.xcassets */,
				BE277EE6246B6A2E001D73F2 /* LaunchScreen.storyboard */,
				BE277EE9246B6A2E001D73F2 /* Info.plist */,
				BE74EF69246C6D120050526C /* Mutable.swift */,
				BE74EF81246C7B730050526C /* DateUtils.swift */,
				BE470815246C9B4000275736 /* Migrations.swift */,
				BE1CBDC3246D31840047D4A9 /* Bundle+Factory.swift */,
				BE190C4E246DECD4009EEC42 /* User+Format.swift */,
				BE190C57246E0D0D009EEC42 /* Gender+Format.swift */,
				BEAF04B6246E42DA00D93B30 /* UIScrollView+Reactive.swift */,
			);
			path = RandomUser;
			sourceTree = "<group>";
		};
		BE277EF1246B6A2F001D73F2 /* RandomUserTests */ = {
			isa = PBXGroup;
			children = (
				BE277EF2246B6A2F001D73F2 /* RandomUserTests.swift */,
				BE277EF4246B6A2F001D73F2 /* Info.plist */,
			);
			path = RandomUserTests;
			sourceTree = "<group>";
		};
		BE277EFC246B6A2F001D73F2 /* RandomUserUITests */ = {
			isa = PBXGroup;
			children = (
				BE277EFD246B6A2F001D73F2 /* RandomUserUITests.swift */,
				BE277EFF246B6A2F001D73F2 /* Info.plist */,
			);
			path = RandomUserUITests;
			sourceTree = "<group>";
		};
		BE277F10246B7F51001D73F2 /* ListView */ = {
			isa = PBXGroup;
			children = (
				BE277F11246B7FCA001D73F2 /* Cells */,
				BE277EDF246B6A2D001D73F2 /* PersonList+UI.swift */,
				BEAF04AA246E372300D93B30 /* PersonList+Reactive.swift */,
				BEAF04AE246E388C00D93B30 /* PersonList+Reducer.swift */,
				BEAF04A6246E2D8F00D93B30 /* PersonList+Feedback.swift */,
				BEAF04AC246E387500D93B30 /* PersonList+Event.swift */,
				BE277F0E246B7DD6001D73F2 /* PersonListViewController.xib */,
			);
			path = ListView;
			sourceTree = "<group>";
		};
		BE277F11246B7FCA001D73F2 /* Cells */ = {
			isa = PBXGroup;
			children = (
				BE277F1B246BB8DA001D73F2 /* PersonListViewCell.xib */,
				BE277F1D246BBBAC001D73F2 /* PersonListViewCell.swift */,
			);
			path = Cells;
			sourceTree = "<group>";
		};
		BE277F14246B897A001D73F2 /* Api */ = {
			isa = PBXGroup;
			children = (
				BE74EF7A246C7A690050526C /* Models.swift */,
				BE74EF7B246C7A690050526C /* RandomUserApi.swift */,
			);
			path = Api;
			sourceTree = "<group>";
		};
		BE47080B246C7D6E00275736 /* Mappers */ = {
			isa = PBXGroup;
			children = (
				BE47080C246C7D7800275736 /* UserMapper.swift */,
			);
			path = Mappers;
			sourceTree = "<group>";
		};
		BE470811246C80AA00275736 /* Services */ = {
			isa = PBXGroup;
			children = (
				BE470812246C80B400275736 /* UserService.swift */,
			);
			path = Services;
			sourceTree = "<group>";
		};
		BE470818246CC29400275736 /* Screens */ = {
			isa = PBXGroup;
			children = (
				BE190C52246E0724009EEC42 /* Container */,
				BE1CBDBC246D24060047D4A9 /* ProfileView */,
				BE470820246CCCF900275736 /* FilterView */,
				BE277F10246B7F51001D73F2 /* ListView */,
			);
			path = Screens;
			sourceTree = "<group>";
		};
		BE470819246CC2A000275736 /* Components */ = {
			isa = PBXGroup;
			children = (
				BE47081A246CC2A700275736 /* FilterFab */,
			);
			path = Components;
			sourceTree = "<group>";
		};
		BE47081A246CC2A700275736 /* FilterFab */ = {
			isa = PBXGroup;
			children = (
				BE47081B246CC2C900275736 /* FilterFab.swift */,
				BE47081D246CC2D400275736 /* FilterFab.xib */,
			);
			path = FilterFab;
			sourceTree = "<group>";
		};
		BE470820246CCCF900275736 /* FilterView */ = {
			isa = PBXGroup;
			children = (
				BE470825246CCDCF00275736 /* Cells */,
				BE470821246CCD0A00275736 /* FilterViewController.swift */,
				BE470823246CCD1300275736 /* FilterView.xib */,
			);
			path = FilterView;
			sourceTree = "<group>";
		};
		BE470825246CCDCF00275736 /* Cells */ = {
			isa = PBXGroup;
			children = (
				BE47082C246D177600275736 /* FilterCell.swift */,
				BE47082B246D177600275736 /* FilterCell.xib */,
			);
			path = Cells;
			sourceTree = "<group>";
		};
		BE74EF6F246C71DA0050526C /* Repositories */ = {
			isa = PBXGroup;
			children = (
				BE74EF70246C71E90050526C /* UserRepository.swift */,
			);
			path = Repositories;
			sourceTree = "<group>";
		};
		BE74EF7E246C7B140050526C /* Models */ = {
			isa = PBXGroup;
			children = (
				BE74EF7F246C7B1E0050526C /* User.swift */,
				BEAF04A2246E2CD200D93B30 /* Filter.swift */,
				BEAF04A4246E2CDF00D93B30 /* Gender.swift */,
			);
			path = Models;
			sourceTree = "<group>";
		};
		D1E49FC248392695390FE9F5 /* Pods */ = {
			isa = PBXGroup;
			children = (
				F1D1CCBBB5F09AD584E6264D /* Pods-RandomUser.debug.xcconfig */,
				E31FEA053B724C805561D34B /* Pods-RandomUser.release.xcconfig */,
				F62CB41D4AF203E600A1BFA7 /* Pods-RandomUser-RandomUserUITests.debug.xcconfig */,
				E944330EAAC25E108E4AB08B /* Pods-RandomUser-RandomUserUITests.release.xcconfig */,
				5F2D3BF4E2FA0739AD393A2F /* Pods-RandomUserTests.debug.xcconfig */,
				26A9EE6B6E1DDA0E74B3613F /* Pods-RandomUserTests.release.xcconfig */,
			);
			path = Pods;
			sourceTree = "<group>";
		};
		D2424EA9724C864E2934FC9D /* Frameworks */ = {
			isa = PBXGroup;
			children = (
				5E47D9275035A780304E2FB3 /* Pods_RandomUser.framework */,
				7E2FFE7E91E7DCDA07F115DC /* Pods_RandomUser_RandomUserUITests.framework */,
				6363370DE6E6487E13C5E4E6 /* Pods_RandomUserTests.framework */,
			);
			name = Frameworks;
			sourceTree = "<group>";
		};
/* End PBXGroup section */

/* Begin PBXNativeTarget section */
		BE277ED7246B6A2D001D73F2 /* RandomUser */ = {
			isa = PBXNativeTarget;
			buildConfigurationList = BE277F02246B6A2F001D73F2 /* Build configuration list for PBXNativeTarget "RandomUser" */;
			buildPhases = (
				03744DDD8AAE5757157CE4A4 /* [CP] Check Pods Manifest.lock */,
				BE277ED4246B6A2D001D73F2 /* Sources */,
				BE277ED5246B6A2D001D73F2 /* Frameworks */,
				BE277ED6246B6A2D001D73F2 /* Resources */,
				64F7F798324412EFD822C61B /* [CP] Embed Pods Frameworks */,
			);
			buildRules = (
			);
			dependencies = (
			);
			name = RandomUser;
			productName = RandomUser;
			productReference = BE277ED8246B6A2D001D73F2 /* RandomUser.app */;
			productType = "com.apple.product-type.application";
		};
		BE277EED246B6A2F001D73F2 /* RandomUserTests */ = {
			isa = PBXNativeTarget;
			buildConfigurationList = BE277F05246B6A2F001D73F2 /* Build configuration list for PBXNativeTarget "RandomUserTests" */;
			buildPhases = (
				5AE6E808A7C4FA33B574BD82 /* [CP] Check Pods Manifest.lock */,
				BE277EEA246B6A2F001D73F2 /* Sources */,
				BE277EEB246B6A2F001D73F2 /* Frameworks */,
				BE277EEC246B6A2F001D73F2 /* Resources */,
			);
			buildRules = (
			);
			dependencies = (
				BE277EF0246B6A2F001D73F2 /* PBXTargetDependency */,
			);
			name = RandomUserTests;
			productName = RandomUserTests;
			productReference = BE277EEE246B6A2F001D73F2 /* RandomUserTests.xctest */;
			productType = "com.apple.product-type.bundle.unit-test";
		};
		BE277EF8246B6A2F001D73F2 /* RandomUserUITests */ = {
			isa = PBXNativeTarget;
			buildConfigurationList = BE277F08246B6A2F001D73F2 /* Build configuration list for PBXNativeTarget "RandomUserUITests" */;
			buildPhases = (
				760E33FA176F380397A3EE18 /* [CP] Check Pods Manifest.lock */,
				BE277EF5246B6A2F001D73F2 /* Sources */,
				BE277EF6246B6A2F001D73F2 /* Frameworks */,
				BE277EF7246B6A2F001D73F2 /* Resources */,
				0793D6CD70D2817AA371EBCF /* [CP] Embed Pods Frameworks */,
			);
			buildRules = (
			);
			dependencies = (
				BE277EFB246B6A2F001D73F2 /* PBXTargetDependency */,
			);
			name = RandomUserUITests;
			productName = RandomUserUITests;
			productReference = BE277EF9246B6A2F001D73F2 /* RandomUserUITests.xctest */;
			productType = "com.apple.product-type.bundle.ui-testing";
		};
/* End PBXNativeTarget section */

/* Begin PBXProject section */
		BE277ED0246B6A2D001D73F2 /* Project object */ = {
			isa = PBXProject;
			attributes = {
				LastSwiftUpdateCheck = 1130;
				LastUpgradeCheck = 1130;
				ORGANIZATIONNAME = will;
				TargetAttributes = {
					BE277ED7246B6A2D001D73F2 = {
						CreatedOnToolsVersion = 11.3.1;
					};
					BE277EED246B6A2F001D73F2 = {
						CreatedOnToolsVersion = 11.3.1;
						TestTargetID = BE277ED7246B6A2D001D73F2;
					};
					BE277EF8246B6A2F001D73F2 = {
						CreatedOnToolsVersion = 11.3.1;
						TestTargetID = BE277ED7246B6A2D001D73F2;
					};
				};
			};
			buildConfigurationList = BE277ED3246B6A2D001D73F2 /* Build configuration list for PBXProject "RandomUser" */;
			compatibilityVersion = "Xcode 9.3";
			developmentRegion = en;
			hasScannedForEncodings = 0;
			knownRegions = (
				en,
				Base,
			);
			mainGroup = BE277ECF246B6A2D001D73F2;
			productRefGroup = BE277ED9246B6A2D001D73F2 /* Products */;
			projectDirPath = "";
			projectRoot = "";
			targets = (
				BE277ED7246B6A2D001D73F2 /* RandomUser */,
				BE277EED246B6A2F001D73F2 /* RandomUserTests */,
				BE277EF8246B6A2F001D73F2 /* RandomUserUITests */,
			);
		};
/* End PBXProject section */

/* Begin PBXResourcesBuildPhase section */
		BE277ED6246B6A2D001D73F2 /* Resources */ = {
			isa = PBXResourcesBuildPhase;
			buildActionMask = 2147483647;
			files = (
				BE1CBDC6246D3E4B0047D4A9 /* ProfileViewController.xib in Resources */,
				BE277EE8246B6A2E001D73F2 /* LaunchScreen.storyboard in Resources */,
				BE277F1C246BB8DA001D73F2 /* PersonListViewCell.xib in Resources */,
				BE470824246CCD1300275736 /* FilterView.xib in Resources */,
				BE47081E246CC2D400275736 /* FilterFab.xib in Resources */,
				BE1CBDBE246D24170047D4A9 /* ProfileView.xib in Resources */,
				BE47082D246D177600275736 /* FilterCell.xib in Resources */,
				BE277EE5246B6A2E001D73F2 /* Assets.xcassets in Resources */,
				BE277F0F246B7DD6001D73F2 /* PersonListViewController.xib in Resources */,
			);
			runOnlyForDeploymentPostprocessing = 0;
		};
		BE277EEC246B6A2F001D73F2 /* Resources */ = {
			isa = PBXResourcesBuildPhase;
			buildActionMask = 2147483647;
			files = (
			);
			runOnlyForDeploymentPostprocessing = 0;
		};
		BE277EF7246B6A2F001D73F2 /* Resources */ = {
			isa = PBXResourcesBuildPhase;
			buildActionMask = 2147483647;
			files = (
			);
			runOnlyForDeploymentPostprocessing = 0;
		};
/* End PBXResourcesBuildPhase section */

/* Begin PBXShellScriptBuildPhase section */
		03744DDD8AAE5757157CE4A4 /* [CP] Check Pods Manifest.lock */ = {
			isa = PBXShellScriptBuildPhase;
			buildActionMask = 2147483647;
			files = (
			);
			inputFileListPaths = (
			);
			inputPaths = (
				"${PODS_PODFILE_DIR_PATH}/Podfile.lock",
				"${PODS_ROOT}/Manifest.lock",
			);
			name = "[CP] Check Pods Manifest.lock";
			outputFileListPaths = (
			);
			outputPaths = (
				"$(DERIVED_FILE_DIR)/Pods-RandomUser-checkManifestLockResult.txt",
			);
			runOnlyForDeploymentPostprocessing = 0;
			shellPath = /bin/sh;
			shellScript = "diff \"${PODS_PODFILE_DIR_PATH}/Podfile.lock\" \"${PODS_ROOT}/Manifest.lock\" > /dev/null\nif [ $? != 0 ] ; then\n    # print error to STDERR\n    echo \"error: The sandbox is not in sync with the Podfile.lock. Run 'pod install' or update your CocoaPods installation.\" >&2\n    exit 1\nfi\n# This output is used by Xcode 'outputs' to avoid re-running this script phase.\necho \"SUCCESS\" > \"${SCRIPT_OUTPUT_FILE_0}\"\n";
			showEnvVarsInLog = 0;
		};
		0793D6CD70D2817AA371EBCF /* [CP] Embed Pods Frameworks */ = {
			isa = PBXShellScriptBuildPhase;
			buildActionMask = 2147483647;
			files = (
			);
			inputFileListPaths = (
				"${PODS_ROOT}/Target Support Files/Pods-RandomUser-RandomUserUITests/Pods-RandomUser-RandomUserUITests-frameworks-${CONFIGURATION}-input-files.xcfilelist",
			);
			name = "[CP] Embed Pods Frameworks";
			outputFileListPaths = (
				"${PODS_ROOT}/Target Support Files/Pods-RandomUser-RandomUserUITests/Pods-RandomUser-RandomUserUITests-frameworks-${CONFIGURATION}-output-files.xcfilelist",
			);
			runOnlyForDeploymentPostprocessing = 0;
			shellPath = /bin/sh;
			shellScript = "\"${PODS_ROOT}/Target Support Files/Pods-RandomUser-RandomUserUITests/Pods-RandomUser-RandomUserUITests-frameworks.sh\"\n";
			showEnvVarsInLog = 0;
		};
		5AE6E808A7C4FA33B574BD82 /* [CP] Check Pods Manifest.lock */ = {
			isa = PBXShellScriptBuildPhase;
			buildActionMask = 2147483647;
			files = (
			);
			inputFileListPaths = (
			);
			inputPaths = (
				"${PODS_PODFILE_DIR_PATH}/Podfile.lock",
				"${PODS_ROOT}/Manifest.lock",
			);
			name = "[CP] Check Pods Manifest.lock";
			outputFileListPaths = (
			);
			outputPaths = (
				"$(DERIVED_FILE_DIR)/Pods-RandomUserTests-checkManifestLockResult.txt",
			);
			runOnlyForDeploymentPostprocessing = 0;
			shellPath = /bin/sh;
			shellScript = "diff \"${PODS_PODFILE_DIR_PATH}/Podfile.lock\" \"${PODS_ROOT}/Manifest.lock\" > /dev/null\nif [ $? != 0 ] ; then\n    # print error to STDERR\n    echo \"error: The sandbox is not in sync with the Podfile.lock. Run 'pod install' or update your CocoaPods installation.\" >&2\n    exit 1\nfi\n# This output is used by Xcode 'outputs' to avoid re-running this script phase.\necho \"SUCCESS\" > \"${SCRIPT_OUTPUT_FILE_0}\"\n";
			showEnvVarsInLog = 0;
		};
		64F7F798324412EFD822C61B /* [CP] Embed Pods Frameworks */ = {
			isa = PBXShellScriptBuildPhase;
			buildActionMask = 2147483647;
			files = (
			);
			inputFileListPaths = (
				"${PODS_ROOT}/Target Support Files/Pods-RandomUser/Pods-RandomUser-frameworks-${CONFIGURATION}-input-files.xcfilelist",
			);
			name = "[CP] Embed Pods Frameworks";
			outputFileListPaths = (
				"${PODS_ROOT}/Target Support Files/Pods-RandomUser/Pods-RandomUser-frameworks-${CONFIGURATION}-output-files.xcfilelist",
			);
			runOnlyForDeploymentPostprocessing = 0;
			shellPath = /bin/sh;
			shellScript = "\"${PODS_ROOT}/Target Support Files/Pods-RandomUser/Pods-RandomUser-frameworks.sh\"\n";
			showEnvVarsInLog = 0;
		};
		760E33FA176F380397A3EE18 /* [CP] Check Pods Manifest.lock */ = {
			isa = PBXShellScriptBuildPhase;
			buildActionMask = 2147483647;
			files = (
			);
			inputFileListPaths = (
			);
			inputPaths = (
				"${PODS_PODFILE_DIR_PATH}/Podfile.lock",
				"${PODS_ROOT}/Manifest.lock",
			);
			name = "[CP] Check Pods Manifest.lock";
			outputFileListPaths = (
			);
			outputPaths = (
				"$(DERIVED_FILE_DIR)/Pods-RandomUser-RandomUserUITests-checkManifestLockResult.txt",
			);
			runOnlyForDeploymentPostprocessing = 0;
			shellPath = /bin/sh;
			shellScript = "diff \"${PODS_PODFILE_DIR_PATH}/Podfile.lock\" \"${PODS_ROOT}/Manifest.lock\" > /dev/null\nif [ $? != 0 ] ; then\n    # print error to STDERR\n    echo \"error: The sandbox is not in sync with the Podfile.lock. Run 'pod install' or update your CocoaPods installation.\" >&2\n    exit 1\nfi\n# This output is used by Xcode 'outputs' to avoid re-running this script phase.\necho \"SUCCESS\" > \"${SCRIPT_OUTPUT_FILE_0}\"\n";
			showEnvVarsInLog = 0;
		};
/* End PBXShellScriptBuildPhase section */

/* Begin PBXSourcesBuildPhase section */
		BE277ED4246B6A2D001D73F2 /* Sources */ = {
			isa = PBXSourcesBuildPhase;
			buildActionMask = 2147483647;
			files = (
				BE470813246C80B400275736 /* UserService.swift in Sources */,
				BEAF049F246E1E7000D93B30 /* AppContainer+Feedback.swift in Sources */,
				BEAF04A3246E2CD200D93B30 /* Filter.swift in Sources */,
				BE74EF82246C7B730050526C /* DateUtils.swift in Sources */,
				BE74EF7D246C7A690050526C /* RandomUserApi.swift in Sources */,
				BE277EE0246B6A2D001D73F2 /* PersonList+UI.swift in Sources */,
				BEAF04A5246E2CDF00D93B30 /* Gender.swift in Sources */,
				BE470816246C9B4000275736 /* Migrations.swift in Sources */,
				BE47080D246C7D7800275736 /* UserMapper.swift in Sources */,
				BE1CBDBB246D24010047D4A9 /* ProfileViewController.swift in Sources */,
				BE47081C246CC2C900275736 /* FilterFab.swift in Sources */,
				BEAF04B7246E42DA00D93B30 /* UIScrollView+Reactive.swift in Sources */,
				BE47082E246D177600275736 /* FilterCell.swift in Sources */,
				BE74EF71246C71E90050526C /* UserRepository.swift in Sources */,
				BEAF049D246E1D9100D93B30 /* AppContainer+Reducer.swift in Sources */,
				BE190C54246E0733009EEC42 /* AppContainer+UI.swift in Sources */,
				BE190C4D246DE8C5009EEC42 /* ProfileSwipeView+Reactive.swift in Sources */,
				BE277EDC246B6A2D001D73F2 /* AppDelegate.swift in Sources */,
				BEAF04AD246E387500D93B30 /* PersonList+Event.swift in Sources */,
				BEAF04B5246E404F00D93B30 /* AppContainer+Query.swift in Sources */,
				BE74EF7C246C7A690050526C /* Models.swift in Sources */,
				BEAF04AB246E372300D93B30 /* PersonList+Reactive.swift in Sources */,
				BEAF04AF246E388C00D93B30 /* PersonList+Reducer.swift in Sources */,
				BE1CBDC4246D31840047D4A9 /* Bundle+Factory.swift in Sources */,
				BE470822246CCD0A00275736 /* FilterViewController.swift in Sources */,
				BE190C4B246DDFD5009EEC42 /* ProfileSwipeView.swift in Sources */,
				BE74EF6A246C6D120050526C /* Mutable.swift in Sources */,
				BE190C4F246DECD4009EEC42 /* User+Format.swift in Sources */,
				BE277EDE246B6A2D001D73F2 /* SceneDelegate.swift in Sources */,
				BE277F1E246BBBAC001D73F2 /* PersonListViewCell.swift in Sources */,
				BE1CBDC1246D24BE0047D4A9 /* ProfileView.swift in Sources */,
				BEAF04B3246E3CD800D93B30 /* AppContainer+Event.swift in Sources */,
				BE74EF80246C7B1E0050526C /* User.swift in Sources */,
				BE190C58246E0D0D009EEC42 /* Gender+Format.swift in Sources */,
				BEAF04A7246E2D8F00D93B30 /* PersonList+Feedback.swift in Sources */,
			);
			runOnlyForDeploymentPostprocessing = 0;
		};
		BE277EEA246B6A2F001D73F2 /* Sources */ = {
			isa = PBXSourcesBuildPhase;
			buildActionMask = 2147483647;
			files = (
				BE277EF3246B6A2F001D73F2 /* RandomUserTests.swift in Sources */,
			);
			runOnlyForDeploymentPostprocessing = 0;
		};
		BE277EF5246B6A2F001D73F2 /* Sources */ = {
			isa = PBXSourcesBuildPhase;
			buildActionMask = 2147483647;
			files = (
				BE277EFE246B6A2F001D73F2 /* RandomUserUITests.swift in Sources */,
			);
			runOnlyForDeploymentPostprocessing = 0;
		};
/* End PBXSourcesBuildPhase section */

/* Begin PBXTargetDependency section */
		BE277EF0246B6A2F001D73F2 /* PBXTargetDependency */ = {
			isa = PBXTargetDependency;
			target = BE277ED7246B6A2D001D73F2 /* RandomUser */;
			targetProxy = BE277EEF246B6A2F001D73F2 /* PBXContainerItemProxy */;
		};
		BE277EFB246B6A2F001D73F2 /* PBXTargetDependency */ = {
			isa = PBXTargetDependency;
			target = BE277ED7246B6A2D001D73F2 /* RandomUser */;
			targetProxy = BE277EFA246B6A2F001D73F2 /* PBXContainerItemProxy */;
		};
/* End PBXTargetDependency section */

/* Begin PBXVariantGroup section */
		BE277EE6246B6A2E001D73F2 /* LaunchScreen.storyboard */ = {
			isa = PBXVariantGroup;
			children = (
				BE277EE7246B6A2E001D73F2 /* Base */,
			);
			name = LaunchScreen.storyboard;
			sourceTree = "<group>";
		};
/* End PBXVariantGroup section */

/* Begin XCBuildConfiguration section */
		BE277F00246B6A2F001D73F2 /* Debug */ = {
			isa = XCBuildConfiguration;
			buildSettings = {
				ALWAYS_SEARCH_USER_PATHS = NO;
				CLANG_ANALYZER_NONNULL = YES;
				CLANG_ANALYZER_NUMBER_OBJECT_CONVERSION = YES_AGGRESSIVE;
				CLANG_CXX_LANGUAGE_STANDARD = "gnu++14";
				CLANG_CXX_LIBRARY = "libc++";
				CLANG_ENABLE_MODULES = YES;
				CLANG_ENABLE_OBJC_ARC = YES;
				CLANG_ENABLE_OBJC_WEAK = YES;
				CLANG_WARN_BLOCK_CAPTURE_AUTORELEASING = YES;
				CLANG_WARN_BOOL_CONVERSION = YES;
				CLANG_WARN_COMMA = YES;
				CLANG_WARN_CONSTANT_CONVERSION = YES;
				CLANG_WARN_DEPRECATED_OBJC_IMPLEMENTATIONS = YES;
				CLANG_WARN_DIRECT_OBJC_ISA_USAGE = YES_ERROR;
				CLANG_WARN_DOCUMENTATION_COMMENTS = YES;
				CLANG_WARN_EMPTY_BODY = YES;
				CLANG_WARN_ENUM_CONVERSION = YES;
				CLANG_WARN_INFINITE_RECURSION = YES;
				CLANG_WARN_INT_CONVERSION = YES;
				CLANG_WARN_NON_LITERAL_NULL_CONVERSION = YES;
				CLANG_WARN_OBJC_IMPLICIT_RETAIN_SELF = YES;
				CLANG_WARN_OBJC_LITERAL_CONVERSION = YES;
				CLANG_WARN_OBJC_ROOT_CLASS = YES_ERROR;
				CLANG_WARN_RANGE_LOOP_ANALYSIS = YES;
				CLANG_WARN_STRICT_PROTOTYPES = YES;
				CLANG_WARN_SUSPICIOUS_MOVE = YES;
				CLANG_WARN_UNGUARDED_AVAILABILITY = YES_AGGRESSIVE;
				CLANG_WARN_UNREACHABLE_CODE = YES;
				CLANG_WARN__DUPLICATE_METHOD_MATCH = YES;
				COPY_PHASE_STRIP = NO;
				DEBUG_INFORMATION_FORMAT = dwarf;
				ENABLE_STRICT_OBJC_MSGSEND = YES;
				ENABLE_TESTABILITY = YES;
				GCC_C_LANGUAGE_STANDARD = gnu11;
				GCC_DYNAMIC_NO_PIC = NO;
				GCC_NO_COMMON_BLOCKS = YES;
				GCC_OPTIMIZATION_LEVEL = 0;
				GCC_PREPROCESSOR_DEFINITIONS = (
					"DEBUG=1",
					"$(inherited)",
				);
				GCC_WARN_64_TO_32_BIT_CONVERSION = YES;
				GCC_WARN_ABOUT_RETURN_TYPE = YES_ERROR;
				GCC_WARN_UNDECLARED_SELECTOR = YES;
				GCC_WARN_UNINITIALIZED_AUTOS = YES_AGGRESSIVE;
				GCC_WARN_UNUSED_FUNCTION = YES;
				GCC_WARN_UNUSED_VARIABLE = YES;
				IPHONEOS_DEPLOYMENT_TARGET = 13.2;
				MTL_ENABLE_DEBUG_INFO = INCLUDE_SOURCE;
				MTL_FAST_MATH = YES;
				ONLY_ACTIVE_ARCH = YES;
				SDKROOT = iphoneos;
				SWIFT_ACTIVE_COMPILATION_CONDITIONS = DEBUG;
				SWIFT_OPTIMIZATION_LEVEL = "-Onone";
			};
			name = Debug;
		};
		BE277F01246B6A2F001D73F2 /* Release */ = {
			isa = XCBuildConfiguration;
			buildSettings = {
				ALWAYS_SEARCH_USER_PATHS = NO;
				CLANG_ANALYZER_NONNULL = YES;
				CLANG_ANALYZER_NUMBER_OBJECT_CONVERSION = YES_AGGRESSIVE;
				CLANG_CXX_LANGUAGE_STANDARD = "gnu++14";
				CLANG_CXX_LIBRARY = "libc++";
				CLANG_ENABLE_MODULES = YES;
				CLANG_ENABLE_OBJC_ARC = YES;
				CLANG_ENABLE_OBJC_WEAK = YES;
				CLANG_WARN_BLOCK_CAPTURE_AUTORELEASING = YES;
				CLANG_WARN_BOOL_CONVERSION = YES;
				CLANG_WARN_COMMA = YES;
				CLANG_WARN_CONSTANT_CONVERSION = YES;
				CLANG_WARN_DEPRECATED_OBJC_IMPLEMENTATIONS = YES;
				CLANG_WARN_DIRECT_OBJC_ISA_USAGE = YES_ERROR;
				CLANG_WARN_DOCUMENTATION_COMMENTS = YES;
				CLANG_WARN_EMPTY_BODY = YES;
				CLANG_WARN_ENUM_CONVERSION = YES;
				CLANG_WARN_INFINITE_RECURSION = YES;
				CLANG_WARN_INT_CONVERSION = YES;
				CLANG_WARN_NON_LITERAL_NULL_CONVERSION = YES;
				CLANG_WARN_OBJC_IMPLICIT_RETAIN_SELF = YES;
				CLANG_WARN_OBJC_LITERAL_CONVERSION = YES;
				CLANG_WARN_OBJC_ROOT_CLASS = YES_ERROR;
				CLANG_WARN_RANGE_LOOP_ANALYSIS = YES;
				CLANG_WARN_STRICT_PROTOTYPES = YES;
				CLANG_WARN_SUSPICIOUS_MOVE = YES;
				CLANG_WARN_UNGUARDED_AVAILABILITY = YES_AGGRESSIVE;
				CLANG_WARN_UNREACHABLE_CODE = YES;
				CLANG_WARN__DUPLICATE_METHOD_MATCH = YES;
				COPY_PHASE_STRIP = NO;
				DEBUG_INFORMATION_FORMAT = "dwarf-with-dsym";
				ENABLE_NS_ASSERTIONS = NO;
				ENABLE_STRICT_OBJC_MSGSEND = YES;
				GCC_C_LANGUAGE_STANDARD = gnu11;
				GCC_NO_COMMON_BLOCKS = YES;
				GCC_WARN_64_TO_32_BIT_CONVERSION = YES;
				GCC_WARN_ABOUT_RETURN_TYPE = YES_ERROR;
				GCC_WARN_UNDECLARED_SELECTOR = YES;
				GCC_WARN_UNINITIALIZED_AUTOS = YES_AGGRESSIVE;
				GCC_WARN_UNUSED_FUNCTION = YES;
				GCC_WARN_UNUSED_VARIABLE = YES;
				IPHONEOS_DEPLOYMENT_TARGET = 13.2;
				MTL_ENABLE_DEBUG_INFO = NO;
				MTL_FAST_MATH = YES;
				SDKROOT = iphoneos;
				SWIFT_COMPILATION_MODE = wholemodule;
				SWIFT_OPTIMIZATION_LEVEL = "-O";
				VALIDATE_PRODUCT = YES;
			};
			name = Release;
		};
		BE277F03246B6A2F001D73F2 /* Debug */ = {
			isa = XCBuildConfiguration;
			baseConfigurationReference = F1D1CCBBB5F09AD584E6264D /* Pods-RandomUser.debug.xcconfig */;
			buildSettings = {
				ASSETCATALOG_COMPILER_APPICON_NAME = AppIcon;
				CODE_SIGN_STYLE = Automatic;
				DEVELOPMENT_TEAM = 52NW8KPTD6;
				INFOPLIST_FILE = RandomUser/Info.plist;
				IPHONEOS_DEPLOYMENT_TARGET = 13.0;
				LD_RUNPATH_SEARCH_PATHS = (
					"$(inherited)",
					"@executable_path/Frameworks",
				);
				PRODUCT_BUNDLE_IDENTIFIER = will.company.RandomUser;
				PRODUCT_NAME = "$(TARGET_NAME)";
				SWIFT_VERSION = 5.0;
				TARGETED_DEVICE_FAMILY = 1;
			};
			name = Debug;
		};
		BE277F04246B6A2F001D73F2 /* Release */ = {
			isa = XCBuildConfiguration;
			baseConfigurationReference = E31FEA053B724C805561D34B /* Pods-RandomUser.release.xcconfig */;
			buildSettings = {
				ASSETCATALOG_COMPILER_APPICON_NAME = AppIcon;
				CODE_SIGN_STYLE = Automatic;
				DEVELOPMENT_TEAM = 52NW8KPTD6;
				INFOPLIST_FILE = RandomUser/Info.plist;
				IPHONEOS_DEPLOYMENT_TARGET = 13.0;
				LD_RUNPATH_SEARCH_PATHS = (
					"$(inherited)",
					"@executable_path/Frameworks",
				);
				PRODUCT_BUNDLE_IDENTIFIER = will.company.RandomUser;
				PRODUCT_NAME = "$(TARGET_NAME)";
				SWIFT_VERSION = 5.0;
				TARGETED_DEVICE_FAMILY = 1;
			};
			name = Release;
		};
		BE277F06246B6A2F001D73F2 /* Debug */ = {
			isa = XCBuildConfiguration;
			baseConfigurationReference = 5F2D3BF4E2FA0739AD393A2F /* Pods-RandomUserTests.debug.xcconfig */;
			buildSettings = {
				ALWAYS_EMBED_SWIFT_STANDARD_LIBRARIES = YES;
				BUNDLE_LOADER = "$(TEST_HOST)";
				CODE_SIGN_STYLE = Automatic;
				DEVELOPMENT_TEAM = 52NW8KPTD6;
				INFOPLIST_FILE = RandomUserTests/Info.plist;
				IPHONEOS_DEPLOYMENT_TARGET = 13.2;
				LD_RUNPATH_SEARCH_PATHS = (
					"$(inherited)",
					"@executable_path/Frameworks",
					"@loader_path/Frameworks",
				);
				PRODUCT_BUNDLE_IDENTIFIER = will.company.RandomUserTests;
				PRODUCT_NAME = "$(TARGET_NAME)";
				SWIFT_VERSION = 5.0;
				TARGETED_DEVICE_FAMILY = "1,2";
				TEST_HOST = "$(BUILT_PRODUCTS_DIR)/RandomUser.app/RandomUser";
			};
			name = Debug;
		};
		BE277F07246B6A2F001D73F2 /* Release */ = {
			isa = XCBuildConfiguration;
			baseConfigurationReference = 26A9EE6B6E1DDA0E74B3613F /* Pods-RandomUserTests.release.xcconfig */;
			buildSettings = {
				ALWAYS_EMBED_SWIFT_STANDARD_LIBRARIES = YES;
				BUNDLE_LOADER = "$(TEST_HOST)";
				CODE_SIGN_STYLE = Automatic;
				DEVELOPMENT_TEAM = 52NW8KPTD6;
				INFOPLIST_FILE = RandomUserTests/Info.plist;
				IPHONEOS_DEPLOYMENT_TARGET = 13.2;
				LD_RUNPATH_SEARCH_PATHS = (
					"$(inherited)",
					"@executable_path/Frameworks",
					"@loader_path/Frameworks",
				);
				PRODUCT_BUNDLE_IDENTIFIER = will.company.RandomUserTests;
				PRODUCT_NAME = "$(TARGET_NAME)";
				SWIFT_VERSION = 5.0;
				TARGETED_DEVICE_FAMILY = "1,2";
				TEST_HOST = "$(BUILT_PRODUCTS_DIR)/RandomUser.app/RandomUser";
			};
			name = Release;
		};
		BE277F09246B6A2F001D73F2 /* Debug */ = {
			isa = XCBuildConfiguration;
			baseConfigurationReference = F62CB41D4AF203E600A1BFA7 /* Pods-RandomUser-RandomUserUITests.debug.xcconfig */;
			buildSettings = {
				ALWAYS_EMBED_SWIFT_STANDARD_LIBRARIES = YES;
				CODE_SIGN_STYLE = Automatic;
				DEVELOPMENT_TEAM = 52NW8KPTD6;
				INFOPLIST_FILE = RandomUserUITests/Info.plist;
				LD_RUNPATH_SEARCH_PATHS = (
					"$(inherited)",
					"@executable_path/Frameworks",
					"@loader_path/Frameworks",
				);
				PRODUCT_BUNDLE_IDENTIFIER = will.company.RandomUserUITests;
				PRODUCT_NAME = "$(TARGET_NAME)";
				SWIFT_VERSION = "";
				TARGETED_DEVICE_FAMILY = "1,2";
				TEST_TARGET_NAME = RandomUser;
			};
			name = Debug;
		};
		BE277F0A246B6A2F001D73F2 /* Release */ = {
			isa = XCBuildConfiguration;
			baseConfigurationReference = E944330EAAC25E108E4AB08B /* Pods-RandomUser-RandomUserUITests.release.xcconfig */;
			buildSettings = {
				ALWAYS_EMBED_SWIFT_STANDARD_LIBRARIES = YES;
				CODE_SIGN_STYLE = Automatic;
				DEVELOPMENT_TEAM = 52NW8KPTD6;
				INFOPLIST_FILE = RandomUserUITests/Info.plist;
				LD_RUNPATH_SEARCH_PATHS = (
					"$(inherited)",
					"@executable_path/Frameworks",
					"@loader_path/Frameworks",
				);
				PRODUCT_BUNDLE_IDENTIFIER = will.company.RandomUserUITests;
				PRODUCT_NAME = "$(TARGET_NAME)";
				SWIFT_VERSION = "";
				TARGETED_DEVICE_FAMILY = "1,2";
				TEST_TARGET_NAME = RandomUser;
			};
			name = Release;
		};
/* End XCBuildConfiguration section */

/* Begin XCConfigurationList section */
		BE277ED3246B6A2D001D73F2 /* Build configuration list for PBXProject "RandomUser" */ = {
			isa = XCConfigurationList;
			buildConfigurations = (
				BE277F00246B6A2F001D73F2 /* Debug */,
				BE277F01246B6A2F001D73F2 /* Release */,
			);
			defaultConfigurationIsVisible = 0;
			defaultConfigurationName = Release;
		};
		BE277F02246B6A2F001D73F2 /* Build configuration list for PBXNativeTarget "RandomUser" */ = {
			isa = XCConfigurationList;
			buildConfigurations = (
				BE277F03246B6A2F001D73F2 /* Debug */,
				BE277F04246B6A2F001D73F2 /* Release */,
			);
			defaultConfigurationIsVisible = 0;
			defaultConfigurationName = Release;
		};
		BE277F05246B6A2F001D73F2 /* Build configuration list for PBXNativeTarget "RandomUserTests" */ = {
			isa = XCConfigurationList;
			buildConfigurations = (
				BE277F06246B6A2F001D73F2 /* Debug */,
				BE277F07246B6A2F001D73F2 /* Release */,
			);
			defaultConfigurationIsVisible = 0;
			defaultConfigurationName = Release;
		};
		BE277F08246B6A2F001D73F2 /* Build configuration list for PBXNativeTarget "RandomUserUITests" */ = {
			isa = XCConfigurationList;
			buildConfigurations = (
				BE277F09246B6A2F001D73F2 /* Debug */,
				BE277F0A246B6A2F001D73F2 /* Release */,
			);
			defaultConfigurationIsVisible = 0;
			defaultConfigurationName = Release;
		};
/* End XCConfigurationList section */
	};
	rootObject = BE277ED0246B6A2D001D73F2 /* Project object */;
}
