// !$*UTF8*$!
{
	archiveVersion = 1;
	classes = {
	};
	objectVersion = 50;
	objects = {

/* Begin PBXBuildFile section */
		BE277EDC246B6A2D001D73F2 /* AppDelegate.swift in Sources */ = {isa = PBXBuildFile; fileRef = BE277EDB246B6A2D001D73F2 /* AppDelegate.swift */; };
		BE277EDE246B6A2D001D73F2 /* SceneDelegate.swift in Sources */ = {isa = PBXBuildFile; fileRef = BE277EDD246B6A2D001D73F2 /* SceneDelegate.swift */; };
		BE277EE0246B6A2D001D73F2 /* ViewController.swift in Sources */ = {isa = PBXBuildFile; fileRef = BE277EDF246B6A2D001D73F2 /* ViewController.swift */; };
		BE277EE3246B6A2D001D73F2 /* Main.storyboard in Resources */ = {isa = PBXBuildFile; fileRef = BE277EE1246B6A2D001D73F2 /* Main.storyboard */; };
		BE277EE5246B6A2E001D73F2 /* Assets.xcassets in Resources */ = {isa = PBXBuildFile; fileRef = BE277EE4246B6A2E001D73F2 /* Assets.xcassets */; };
		BE277EE8246B6A2E001D73F2 /* LaunchScreen.storyboard in Resources */ = {isa = PBXBuildFile; fileRef = BE277EE6246B6A2E001D73F2 /* LaunchScreen.storyboard */; };
		BE277EF3246B6A2F001D73F2 /* RandomUserTests.swift in Sources */ = {isa = PBXBuildFile; fileRef = BE277EF2246B6A2F001D73F2 /* RandomUserTests.swift */; };
		BE277EFE246B6A2F001D73F2 /* RandomUserUITests.swift in Sources */ = {isa = PBXBuildFile; fileRef = BE277EFD246B6A2F001D73F2 /* RandomUserUITests.swift */; };
/* End PBXBuildFile section */

/* Begin PBXContainerItemProxy section */
		BE277EEF246B6A2F001D73F2 /* PBXContainerItemProxy */ = {
			isa = PBXContainerItemProxy;
			containerPortal = BE277ED0246B6A2D001D73F2 /* Project object */;
			proxyType = 1;
			remoteGlobalIDString = BE277ED7246B6A2D001D73F2;
			remoteInfo = RandomUser;
		};
		BE277EFA246B6A2F001D73F2 /* PBXContainerItemProxy */ = {
			isa = PBXContainerItemProxy;
			containerPortal = BE277ED0246B6A2D001D73F2 /* Project object */;
			proxyType = 1;
			remoteGlobalIDString = BE277ED7246B6A2D001D73F2;
			remoteInfo = RandomUser;
		};
/* End PBXContainerItemProxy section */

/* Begin PBXFileReference section */
		BE277ED8246B6A2D001D73F2 /* RandomUser.app */ = {isa = PBXFileReference; explicitFileType = wrapper.application; includeInIndex = 0; path = RandomUser.app; sourceTree = BUILT_PRODUCTS_DIR; };
		BE277EDB246B6A2D001D73F2 /* AppDelegate.swift */ = {isa = PBXFileReference; lastKnownFileType = sourcecode.swift; path = AppDelegate.swift; sourceTree = "<group>"; };
		BE277EDD246B6A2D001D73F2 /* SceneDelegate.swift */ = {isa = PBXFileReference; lastKnownFileType = sourcecode.swift; path = SceneDelegate.swift; sourceTree = "<group>"; };
		BE277EDF246B6A2D001D73F2 /* ViewController.swift */ = {isa = PBXFileReference; lastKnownFileType = sourcecode.swift; path = ViewController.swift; sourceTree = "<group>"; };
		BE277EE2246B6A2D001D73F2 /* Base */ = {isa = PBXFileReference; lastKnownFileType = file.storyboard; name = Base; path = Base.lproj/Main.storyboard; sourceTree = "<group>"; };
		BE277EE4246B6A2E001D73F2 /* Assets.xcassets */ = {isa = PBXFileReference; lastKnownFileType = folder.assetcatalog; path = Assets.xcassets; sourceTree = "<group>"; };
		BE277EE7246B6A2E001D73F2 /* Base */ = {isa = PBXFileReference; lastKnownFileType = file.storyboard; name = Base; path = Base.lproj/LaunchScreen.storyboard; sourceTree = "<group>"; };
		BE277EE9246B6A2E001D73F2 /* Info.plist */ = {isa = PBXFileReference; lastKnownFileType = text.plist.xml; path = Info.plist; sourceTree = "<group>"; };
		BE277EEE246B6A2F001D73F2 /* RandomUserTests.xctest */ = {isa = PBXFileReference; explicitFileType = wrapper.cfbundle; includeInIndex = 0; path = RandomUserTests.xctest; sourceTree = BUILT_PRODUCTS_DIR; };
		BE277EF2246B6A2F001D73F2 /* RandomUserTests.swift */ = {isa = PBXFileReference; lastKnownFileType = sourcecode.swift; path = RandomUserTests.swift; sourceTree = "<group>"; };
		BE277EF4246B6A2F001D73F2 /* Info.plist */ = {isa = PBXFileReference; lastKnownFileType = text.plist.xml; path = Info.plist; sourceTree = "<group>"; };
		BE277EF9246B6A2F001D73F2 /* RandomUserUITests.xctest */ = {isa = PBXFileReference; explicitFileType = wrapper.cfbundle; includeInIndex = 0; path = RandomUserUITests.xctest; sourceTree = BUILT_PRODUCTS_DIR; };
		BE277EFD246B6A2F001D73F2 /* RandomUserUITests.swift */ = {isa = PBXFileReference; lastKnownFileType = sourcecode.swift; path = RandomUserUITests.swift; sourceTree = "<group>"; };
		BE277EFF246B6A2F001D73F2 /* Info.plist */ = {isa = PBXFileReference; lastKnownFileType = text.plist.xml; path = Info.plist; sourceTree = "<group>"; };
/* End PBXFileReference section */

/* Begin PBXFrameworksBuildPhase section */
		BE277ED5246B6A2D001D73F2 /* Frameworks */ = {
			isa = PBXFrameworksBuildPhase;
			buildActionMask = 2147483647;
			files = (
			);
			runOnlyForDeploymentPostprocessing = 0;
		};
		BE277EEB246B6A2F001D73F2 /* Frameworks */ = {
			isa = PBXFrameworksBuildPhase;
			buildActionMask = 2147483647;
			files = (
			);
			runOnlyForDeploymentPostprocessing = 0;
		};
		BE277EF6246B6A2F001D73F2 /* Frameworks */ = {
			isa = PBXFrameworksBuildPhase;
			buildActionMask = 2147483647;
			files = (
			);
			runOnlyForDeploymentPostprocessing = 0;
		};
/* End PBXFrameworksBuildPhase section */

/* Begin PBXGroup section */
		BE277ECF246B6A2D001D73F2 = {
			isa = PBXGroup;
			children = (
				BE277EDA246B6A2D001D73F2 /* RandomUser */,
				BE277EF1246B6A2F001D73F2 /* RandomUserTests */,
				BE277EFC246B6A2F001D73F2 /* RandomUserUITests */,
				BE277ED9246B6A2D001D73F2 /* Products */,
			);
			sourceTree = "<group>";
		};
		BE277ED9246B6A2D001D73F2 /* Products */ = {
			isa = PBXGroup;
			children = (
				BE277ED8246B6A2D001D73F2 /* RandomUser.app */,
				BE277EEE246B6A2F001D73F2 /* RandomUserTests.xctest */,
				BE277EF9246B6A2F001D73F2 /* RandomUserUITests.xctest */,
			);
			name = Products;
			sourceTree = "<group>";
		};
		BE277EDA246B6A2D001D73F2 /* RandomUser */ = {
			isa = PBXGroup;
			children = (
				BE277EDB246B6A2D001D73F2 /* AppDelegate.swift */,
				BE277EDD246B6A2D001D73F2 /* SceneDelegate.swift */,
				BE277EDF246B6A2D001D73F2 /* ViewController.swift */,
				BE277EE1246B6A2D001D73F2 /* Main.storyboard */,
				BE277EE4246B6A2E001D73F2 /* Assets.xcassets */,
				BE277EE6246B6A2E001D73F2 /* LaunchScreen.storyboard */,
				BE277EE9246B6A2E001D73F2 /* Info.plist */,
			);
			path = RandomUser;
			sourceTree = "<group>";
		};
		BE277EF1246B6A2F001D73F2 /* RandomUserTests */ = {
			isa = PBXGroup;
			children = (
				BE277EF2246B6A2F001D73F2 /* RandomUserTests.swift */,
				BE277EF4246B6A2F001D73F2 /* Info.plist */,
			);
			path = RandomUserTests;
			sourceTree = "<group>";
		};
		BE277EFC246B6A2F001D73F2 /* RandomUserUITests */ = {
			isa = PBXGroup;
			children = (
				BE277EFD246B6A2F001D73F2 /* RandomUserUITests.swift */,
				BE277EFF246B6A2F001D73F2 /* Info.plist */,
			);
			path = RandomUserUITests;
			sourceTree = "<group>";
		};
/* End PBXGroup section */

/* Begin PBXNativeTarget section */
		BE277ED7246B6A2D001D73F2 /* RandomUser */ = {
			isa = PBXNativeTarget;
			buildConfigurationList = BE277F02246B6A2F001D73F2 /* Build configuration list for PBXNativeTarget "RandomUser" */;
			buildPhases = (
				BE277ED4246B6A2D001D73F2 /* Sources */,
				BE277ED5246B6A2D001D73F2 /* Frameworks */,
				BE277ED6246B6A2D001D73F2 /* Resources */,
			);
			buildRules = (
			);
			dependencies = (
			);
			name = RandomUser;
			productName = RandomUser;
			productReference = BE277ED8246B6A2D001D73F2 /* RandomUser.app */;
			productType = "com.apple.product-type.application";
		};
		BE277EED246B6A2F001D73F2 /* RandomUserTests */ = {
			isa = PBXNativeTarget;
			buildConfigurationList = BE277F05246B6A2F001D73F2 /* Build configuration list for PBXNativeTarget "RandomUserTests" */;
			buildPhases = (
				BE277EEA246B6A2F001D73F2 /* Sources */,
				BE277EEB246B6A2F001D73F2 /* Frameworks */,
				BE277EEC246B6A2F001D73F2 /* Resources */,
			);
			buildRules = (
			);
			dependencies = (
				BE277EF0246B6A2F001D73F2 /* PBXTargetDependency */,
			);
			name = RandomUserTests;
			productName = RandomUserTests;
			productReference = BE277EEE246B6A2F001D73F2 /* RandomUserTests.xctest */;
			productType = "com.apple.product-type.bundle.unit-test";
		};
		BE277EF8246B6A2F001D73F2 /* RandomUserUITests */ = {
			isa = PBXNativeTarget;
			buildConfigurationList = BE277F08246B6A2F001D73F2 /* Build configuration list for PBXNativeTarget "RandomUserUITests" */;
			buildPhases = (
				BE277EF5246B6A2F001D73F2 /* Sources */,
				BE277EF6246B6A2F001D73F2 /* Frameworks */,
				BE277EF7246B6A2F001D73F2 /* Resources */,
			);
			buildRules = (
			);
			dependencies = (
				BE277EFB246B6A2F001D73F2 /* PBXTargetDependency */,
			);
			name = RandomUserUITests;
			productName = RandomUserUITests;
			productReference = BE277EF9246B6A2F001D73F2 /* RandomUserUITests.xctest */;
			productType = "com.apple.product-type.bundle.ui-testing";
		};
/* End PBXNativeTarget section */

/* Begin PBXProject section */
		BE277ED0246B6A2D001D73F2 /* Project object */ = {
			isa = PBXProject;
			attributes = {
				LastSwiftUpdateCheck = 1130;
				LastUpgradeCheck = 1130;
				ORGANIZATIONNAME = will;
				TargetAttributes = {
					BE277ED7246B6A2D001D73F2 = {
						CreatedOnToolsVersion = 11.3.1;
					};
					BE277EED246B6A2F001D73F2 = {
						CreatedOnToolsVersion = 11.3.1;
						TestTargetID = BE277ED7246B6A2D001D73F2;
					};
					BE277EF8246B6A2F001D73F2 = {
						CreatedOnToolsVersion = 11.3.1;
						TestTargetID = BE277ED7246B6A2D001D73F2;
					};
				};
			};
			buildConfigurationList = BE277ED3246B6A2D001D73F2 /* Build configuration list for PBXProject "RandomUser" */;
			compatibilityVersion = "Xcode 9.3";
			developmentRegion = en;
			hasScannedForEncodings = 0;
			knownRegions = (
				en,
				Base,
			);
			mainGroup = BE277ECF246B6A2D001D73F2;
			productRefGroup = BE277ED9246B6A2D001D73F2 /* Products */;
			projectDirPath = "";
			projectRoot = "";
			targets = (
				BE277ED7246B6A2D001D73F2 /* RandomUser */,
				BE277EED246B6A2F001D73F2 /* RandomUserTests */,
				BE277EF8246B6A2F001D73F2 /* RandomUserUITests */,
			);
		};
/* End PBXProject section */

/* Begin PBXResourcesBuildPhase section */
		BE277ED6246B6A2D001D73F2 /* Resources */ = {
			isa = PBXResourcesBuildPhase;
			buildActionMask = 2147483647;
			files = (
				BE277EE8246B6A2E001D73F2 /* LaunchScreen.storyboard in Resources */,
				BE277EE5246B6A2E001D73F2 /* Assets.xcassets in Resources */,
				BE277EE3246B6A2D001D73F2 /* Main.storyboard in Resources */,
			);
			runOnlyForDeploymentPostprocessing = 0;
		};
		BE277EEC246B6A2F001D73F2 /* Resources */ = {
			isa = PBXResourcesBuildPhase;
			buildActionMask = 2147483647;
			files = (
			);
			runOnlyForDeploymentPostprocessing = 0;
		};
		BE277EF7246B6A2F001D73F2 /* Resources */ = {
			isa = PBXResourcesBuildPhase;
			buildActionMask = 2147483647;
			files = (
			);
			runOnlyForDeploymentPostprocessing = 0;
		};
/* End PBXResourcesBuildPhase section */

/* Begin PBXSourcesBuildPhase section */
		BE277ED4246B6A2D001D73F2 /* Sources */ = {
			isa = PBXSourcesBuildPhase;
			buildActionMask = 2147483647;
			files = (
				BE277EE0246B6A2D001D73F2 /* ViewController.swift in Sources */,
				BE277EDC246B6A2D001D73F2 /* AppDelegate.swift in Sources */,
				BE277EDE246B6A2D001D73F2 /* SceneDelegate.swift in Sources */,
			);
			runOnlyForDeploymentPostprocessing = 0;
		};
		BE277EEA246B6A2F001D73F2 /* Sources */ = {
			isa = PBXSourcesBuildPhase;
			buildActionMask = 2147483647;
			files = (
				BE277EF3246B6A2F001D73F2 /* RandomUserTests.swift in Sources */,
			);
			runOnlyForDeploymentPostprocessing = 0;
		};
		BE277EF5246B6A2F001D73F2 /* Sources */ = {
			isa = PBXSourcesBuildPhase;
			buildActionMask = 2147483647;
			files = (
				BE277EFE246B6A2F001D73F2 /* RandomUserUITests.swift in Sources */,
			);
			runOnlyForDeploymentPostprocessing = 0;
		};
/* End PBXSourcesBuildPhase section */

/* Begin PBXTargetDependency section */
		BE277EF0246B6A2F001D73F2 /* PBXTargetDependency */ = {
			isa = PBXTargetDependency;
			target = BE277ED7246B6A2D001D73F2 /* RandomUser */;
			targetProxy = BE277EEF246B6A2F001D73F2 /* PBXContainerItemProxy */;
		};
		BE277EFB246B6A2F001D73F2 /* PBXTargetDependency */ = {
			isa = PBXTargetDependency;
			target = BE277ED7246B6A2D001D73F2 /* RandomUser */;
			targetProxy = BE277EFA246B6A2F001D73F2 /* PBXContainerItemProxy */;
		};
/* End PBXTargetDependency section */

/* Begin PBXVariantGroup section */
		BE277EE1246B6A2D001D73F2 /* Main.storyboard */ = {
			isa = PBXVariantGroup;
			children = (
				BE277EE2246B6A2D001D73F2 /* Base */,
			);
			name = Main.storyboard;
			sourceTree = "<group>";
		};
		BE277EE6246B6A2E001D73F2 /* LaunchScreen.storyboard */ = {
			isa = PBXVariantGroup;
			children = (
				BE277EE7246B6A2E001D73F2 /* Base */,
			);
			name = LaunchScreen.storyboard;
			sourceTree = "<group>";
		};
/* End PBXVariantGroup section */

/* Begin XCBuildConfiguration section */
		BE277F00246B6A2F001D73F2 /* Debug */ = {
			isa = XCBuildConfiguration;
			buildSettings = {
				ALWAYS_SEARCH_USER_PATHS = NO;
				CLANG_ANALYZER_NONNULL = YES;
				CLANG_ANALYZER_NUMBER_OBJECT_CONVERSION = YES_AGGRESSIVE;
				CLANG_CXX_LANGUAGE_STANDARD = "gnu++14";
				CLANG_CXX_LIBRARY = "libc++";
				CLANG_ENABLE_MODULES = YES;
				CLANG_ENABLE_OBJC_ARC = YES;
				CLANG_ENABLE_OBJC_WEAK = YES;
				CLANG_WARN_BLOCK_CAPTURE_AUTORELEASING = YES;
				CLANG_WARN_BOOL_CONVERSION = YES;
				CLANG_WARN_COMMA = YES;
				CLANG_WARN_CONSTANT_CONVERSION = YES;
				CLANG_WARN_DEPRECATED_OBJC_IMPLEMENTATIONS = YES;
				CLANG_WARN_DIRECT_OBJC_ISA_USAGE = YES_ERROR;
				CLANG_WARN_DOCUMENTATION_COMMENTS = YES;
				CLANG_WARN_EMPTY_BODY = YES;
				CLANG_WARN_ENUM_CONVERSION = YES;
				CLANG_WARN_INFINITE_RECURSION = YES;
				CLANG_WARN_INT_CONVERSION = YES;
				CLANG_WARN_NON_LITERAL_NULL_CONVERSION = YES;
				CLANG_WARN_OBJC_IMPLICIT_RETAIN_SELF = YES;
				CLANG_WARN_OBJC_LITERAL_CONVERSION = YES;
				CLANG_WARN_OBJC_ROOT_CLASS = YES_ERROR;
				CLANG_WARN_RANGE_LOOP_ANALYSIS = YES;
				CLANG_WARN_STRICT_PROTOTYPES = YES;
				CLANG_WARN_SUSPICIOUS_MOVE = YES;
				CLANG_WARN_UNGUARDED_AVAILABILITY = YES_AGGRESSIVE;
				CLANG_WARN_UNREACHABLE_CODE = YES;
				CLANG_WARN__DUPLICATE_METHOD_MATCH = YES;
				COPY_PHASE_STRIP = NO;
				DEBUG_INFORMATION_FORMAT = dwarf;
				ENABLE_STRICT_OBJC_MSGSEND = YES;
				ENABLE_TESTABILITY = YES;
				GCC_C_LANGUAGE_STANDARD = gnu11;
				GCC_DYNAMIC_NO_PIC = NO;
				GCC_NO_COMMON_BLOCKS = YES;
				GCC_OPTIMIZATION_LEVEL = 0;
				GCC_PREPROCESSOR_DEFINITIONS = (
					"DEBUG=1",
					"$(inherited)",
				);
				GCC_WARN_64_TO_32_BIT_CONVERSION = YES;
				GCC_WARN_ABOUT_RETURN_TYPE = YES_ERROR;
				GCC_WARN_UNDECLARED_SELECTOR = YES;
				GCC_WARN_UNINITIALIZED_AUTOS = YES_AGGRESSIVE;
				GCC_WARN_UNUSED_FUNCTION = YES;
				GCC_WARN_UNUSED_VARIABLE = YES;
				IPHONEOS_DEPLOYMENT_TARGET = 13.2;
				MTL_ENABLE_DEBUG_INFO = INCLUDE_SOURCE;
				MTL_FAST_MATH = YES;
				ONLY_ACTIVE_ARCH = YES;
				SDKROOT = iphoneos;
				SWIFT_ACTIVE_COMPILATION_CONDITIONS = DEBUG;
				SWIFT_OPTIMIZATION_LEVEL = "-Onone";
			};
			name = Debug;
		};
		BE277F01246B6A2F001D73F2 /* Release */ = {
			isa = XCBuildConfiguration;
			buildSettings = {
				ALWAYS_SEARCH_USER_PATHS = NO;
				CLANG_ANALYZER_NONNULL = YES;
				CLANG_ANALYZER_NUMBER_OBJECT_CONVERSION = YES_AGGRESSIVE;
				CLANG_CXX_LANGUAGE_STANDARD = "gnu++14";
				CLANG_CXX_LIBRARY = "libc++";
				CLANG_ENABLE_MODULES = YES;
				CLANG_ENABLE_OBJC_ARC = YES;
				CLANG_ENABLE_OBJC_WEAK = YES;
				CLANG_WARN_BLOCK_CAPTURE_AUTORELEASING = YES;
				CLANG_WARN_BOOL_CONVERSION = YES;
				CLANG_WARN_COMMA = YES;
				CLANG_WARN_CONSTANT_CONVERSION = YES;
				CLANG_WARN_DEPRECATED_OBJC_IMPLEMENTATIONS = YES;
				CLANG_WARN_DIRECT_OBJC_ISA_USAGE = YES_ERROR;
				CLANG_WARN_DOCUMENTATION_COMMENTS = YES;
				CLANG_WARN_EMPTY_BODY = YES;
				CLANG_WARN_ENUM_CONVERSION = YES;
				CLANG_WARN_INFINITE_RECURSION = YES;
				CLANG_WARN_INT_CONVERSION = YES;
				CLANG_WARN_NON_LITERAL_NULL_CONVERSION = YES;
				CLANG_WARN_OBJC_IMPLICIT_RETAIN_SELF = YES;
				CLANG_WARN_OBJC_LITERAL_CONVERSION = YES;
				CLANG_WARN_OBJC_ROOT_CLASS = YES_ERROR;
				CLANG_WARN_RANGE_LOOP_ANALYSIS = YES;
				CLANG_WARN_STRICT_PROTOTYPES = YES;
				CLANG_WARN_SUSPICIOUS_MOVE = YES;
				CLANG_WARN_UNGUARDED_AVAILABILITY = YES_AGGRESSIVE;
				CLANG_WARN_UNREACHABLE_CODE = YES;
				CLANG_WARN__DUPLICATE_METHOD_MATCH = YES;
				COPY_PHASE_STRIP = NO;
				DEBUG_INFORMATION_FORMAT = "dwarf-with-dsym";
				ENABLE_NS_ASSERTIONS = NO;
				ENABLE_STRICT_OBJC_MSGSEND = YES;
				GCC_C_LANGUAGE_STANDARD = gnu11;
				GCC_NO_COMMON_BLOCKS = YES;
				GCC_WARN_64_TO_32_BIT_CONVERSION = YES;
				GCC_WARN_ABOUT_RETURN_TYPE = YES_ERROR;
				GCC_WARN_UNDECLARED_SELECTOR = YES;
				GCC_WARN_UNINITIALIZED_AUTOS = YES_AGGRESSIVE;
				GCC_WARN_UNUSED_FUNCTION = YES;
				GCC_WARN_UNUSED_VARIABLE = YES;
				IPHONEOS_DEPLOYMENT_TARGET = 13.2;
				MTL_ENABLE_DEBUG_INFO = NO;
				MTL_FAST_MATH = YES;
				SDKROOT = iphoneos;
				SWIFT_COMPILATION_MODE = wholemodule;
				SWIFT_OPTIMIZATION_LEVEL = "-O";
				VALIDATE_PRODUCT = YES;
			};
			name = Release;
		};
		BE277F03246B6A2F001D73F2 /* Debug */ = {
			isa = XCBuildConfiguration;
			buildSettings = {
				ASSETCATALOG_COMPILER_APPICON_NAME = AppIcon;
				CODE_SIGN_STYLE = Automatic;
				DEVELOPMENT_TEAM = 52NW8KPTD6;
				INFOPLIST_FILE = RandomUser/Info.plist;
				LD_RUNPATH_SEARCH_PATHS = (
					"$(inherited)",
					"@executable_path/Frameworks",
				);
				PRODUCT_BUNDLE_IDENTIFIER = will.company.RandomUser;
				PRODUCT_NAME = "$(TARGET_NAME)";
				SWIFT_VERSION = 5.0;
				TARGETED_DEVICE_FAMILY = 1;
			};
			name = Debug;
		};
		BE277F04246B6A2F001D73F2 /* Release */ = {
			isa = XCBuildConfiguration;
			buildSettings = {
				ASSETCATALOG_COMPILER_APPICON_NAME = AppIcon;
				CODE_SIGN_STYLE = Automatic;
				DEVELOPMENT_TEAM = 52NW8KPTD6;
				INFOPLIST_FILE = RandomUser/Info.plist;
				LD_RUNPATH_SEARCH_PATHS = (
					"$(inherited)",
					"@executable_path/Frameworks",
				);
				PRODUCT_BUNDLE_IDENTIFIER = will.company.RandomUser;
				PRODUCT_NAME = "$(TARGET_NAME)";
				SWIFT_VERSION = 5.0;
				TARGETED_DEVICE_FAMILY = 1;
			};
			name = Release;
		};
		BE277F06246B6A2F001D73F2 /* Debug */ = {
			isa = XCBuildConfiguration;
			buildSettings = {
				ALWAYS_EMBED_SWIFT_STANDARD_LIBRARIES = YES;
				BUNDLE_LOADER = "$(TEST_HOST)";
				CODE_SIGN_STYLE = Automatic;
				DEVELOPMENT_TEAM = 52NW8KPTD6;
				INFOPLIST_FILE = RandomUserTests/Info.plist;
				IPHONEOS_DEPLOYMENT_TARGET = 13.2;
				LD_RUNPATH_SEARCH_PATHS = (
					"$(inherited)",
					"@executable_path/Frameworks",
					"@loader_path/Frameworks",
				);
				PRODUCT_BUNDLE_IDENTIFIER = will.company.RandomUserTests;
				PRODUCT_NAME = "$(TARGET_NAME)";
				SWIFT_VERSION = 5.0;
				TARGETED_DEVICE_FAMILY = "1,2";
				TEST_HOST = "$(BUILT_PRODUCTS_DIR)/RandomUser.app/RandomUser";
			};
			name = Debug;
		};
		BE277F07246B6A2F001D73F2 /* Release */ = {
			isa = XCBuildConfiguration;
			buildSettings = {
				ALWAYS_EMBED_SWIFT_STANDARD_LIBRARIES = YES;
				BUNDLE_LOADER = "$(TEST_HOST)";
				CODE_SIGN_STYLE = Automatic;
				DEVELOPMENT_TEAM = 52NW8KPTD6;
				INFOPLIST_FILE = RandomUserTests/Info.plist;
				IPHONEOS_DEPLOYMENT_TARGET = 13.2;
				LD_RUNPATH_SEARCH_PATHS = (
					"$(inherited)",
					"@executable_path/Frameworks",
					"@loader_path/Frameworks",
				);
				PRODUCT_BUNDLE_IDENTIFIER = will.company.RandomUserTests;
				PRODUCT_NAME = "$(TARGET_NAME)";
				SWIFT_VERSION = 5.0;
				TARGETED_DEVICE_FAMILY = "1,2";
				TEST_HOST = "$(BUILT_PRODUCTS_DIR)/RandomUser.app/RandomUser";
			};
			name = Release;
		};
		BE277F09246B6A2F001D73F2 /* Debug */ = {
			isa = XCBuildConfiguration;
			buildSettings = {
				ALWAYS_EMBED_SWIFT_STANDARD_LIBRARIES = YES;
				CODE_SIGN_STYLE = Automatic;
				DEVELOPMENT_TEAM = 52NW8KPTD6;
				INFOPLIST_FILE = RandomUserUITests/Info.plist;
				LD_RUNPATH_SEARCH_PATHS = (
					"$(inherited)",
					"@executable_path/Frameworks",
					"@loader_path/Frameworks",
				);
				PRODUCT_BUNDLE_IDENTIFIER = will.company.RandomUserUITests;
				PRODUCT_NAME = "$(TARGET_NAME)";
				SWIFT_VERSION = 5.0;
				TARGETED_DEVICE_FAMILY = "1,2";
				TEST_TARGET_NAME = RandomUser;
			};
			name = Debug;
		};
		BE277F0A246B6A2F001D73F2 /* Release */ = {
			isa = XCBuildConfiguration;
			buildSettings = {
				ALWAYS_EMBED_SWIFT_STANDARD_LIBRARIES = YES;
				CODE_SIGN_STYLE = Automatic;
				DEVELOPMENT_TEAM = 52NW8KPTD6;
				INFOPLIST_FILE = RandomUserUITests/Info.plist;
				LD_RUNPATH_SEARCH_PATHS = (
					"$(inherited)",
					"@executable_path/Frameworks",
					"@loader_path/Frameworks",
				);
				PRODUCT_BUNDLE_IDENTIFIER = will.company.RandomUserUITests;
				PRODUCT_NAME = "$(TARGET_NAME)";
				SWIFT_VERSION = 5.0;
				TARGETED_DEVICE_FAMILY = "1,2";
				TEST_TARGET_NAME = RandomUser;
			};
			name = Release;
		};
/* End XCBuildConfiguration section */

/* Begin XCConfigurationList section */
		BE277ED3246B6A2D001D73F2 /* Build configuration list for PBXProject "RandomUser" */ = {
			isa = XCConfigurationList;
			buildConfigurations = (
				BE277F00246B6A2F001D73F2 /* Debug */,
				BE277F01246B6A2F001D73F2 /* Release */,
			);
			defaultConfigurationIsVisible = 0;
			defaultConfigurationName = Release;
		};
		BE277F02246B6A2F001D73F2 /* Build configuration list for PBXNativeTarget "RandomUser" */ = {
			isa = XCConfigurationList;
			buildConfigurations = (
				BE277F03246B6A2F001D73F2 /* Debug */,
				BE277F04246B6A2F001D73F2 /* Release */,
			);
			defaultConfigurationIsVisible = 0;
			defaultConfigurationName = Release;
		};
		BE277F05246B6A2F001D73F2 /* Build configuration list for PBXNativeTarget "RandomUserTests" */ = {
			isa = XCConfigurationList;
			buildConfigurations = (
				BE277F06246B6A2F001D73F2 /* Debug */,
				BE277F07246B6A2F001D73F2 /* Release */,
			);
			defaultConfigurationIsVisible = 0;
			defaultConfigurationName = Release;
		};
		BE277F08246B6A2F001D73F2 /* Build configuration list for PBXNativeTarget "RandomUserUITests" */ = {
			isa = XCConfigurationList;
			buildConfigurations = (
				BE277F09246B6A2F001D73F2 /* Debug */,
				BE277F0A246B6A2F001D73F2 /* Release */,
			);
			defaultConfigurationIsVisible = 0;
			defaultConfigurationName = Release;
		};
/* End XCConfigurationList section */
	};
	rootObject = BE277ED0246B6A2D001D73F2 /* Project object */;
}
